
Microsoft Visual Studio Solution File, Format Version 12.00
# Visual Studio Version 16
VisualStudioVersion = 16.0.30907.101
MinimumVisualStudioVersion = 10.0.40219.1
Project("{FAE04EC0-301F-11D3-BF4B-00C04F79EFBC}") = "Metotlar", "Metotlar\Metotlar.csproj", "{1F88DBA5-1A89-4A9D-B3EE-5C71192BCB24}"
EndProject
Global
	GlobalSection(SolutionConfigurationPlatforms) = preSolution
		Debug|Any CPU = Debug|Any CPU
		Release|Any CPU = Release|Any CPU
	EndGlobalSection
	GlobalSection(ProjectConfigurationPlatforms) = postSolution
		{1F88DBA5-1A89-4A9D-B3EE-5C71192BCB24}.Debug|Any CPU.ActiveCfg = Debug|Any CPU
		{1F88DBA5-1A89-4A9D-B3EE-5C71192BCB24}.Debug|Any CPU.Build.0 = Debug|Any CPU
		{1F88DBA5-1A89-4A9D-B3EE-5C71192BCB24}.Release|Any CPU.ActiveCfg = Release|Any CPU
		{1F88DBA5-1A89-4A9D-B3EE-5C71192BCB24}.Release|Any CPU.Build.0 = Release|Any CPU
	EndGlobalSection
	GlobalSection(SolutionProperties) = preSolution
		HideSolutionNode = FALSE
	EndGlobalSection
	GlobalSection(ExtensibilityGlobals) = postSolution
		SolutionGuid = {D0D8E308-7C1C-4A41-8C90-6A6EF4AA0B03}
	EndGlobalSection
EndGlobal
